
Microsoft Visual Studio Solution File, Format Version 12.00
# Visual Studio Version 16
VisualStudioVersion = 16.0.30611.23
MinimumVisualStudioVersion = 10.0.40219.1
Project("{FAE04EC0-301F-11D3-BF4B-00C04F79EFBC}") = "Libriary", "Libriary\Libriary.csproj", "{1305A20E-5EB7-4C2D-9ADD-8DB26DBB0FCA}"
EndProject
Global
	GlobalSection(SolutionConfigurationPlatforms) = preSolution
		Debug|Any CPU = Debug|Any CPU
		Release|Any CPU = Release|Any CPU
	EndGlobalSection
	GlobalSection(ProjectConfigurationPlatforms) = postSolution
		{1305A20E-5EB7-4C2D-9ADD-8DB26DBB0FCA}.Debug|Any CPU.ActiveCfg = Debug|Any CPU
		{1305A20E-5EB7-4C2D-9ADD-8DB26DBB0FCA}.Debug|Any CPU.Build.0 = Debug|Any CPU
		{1305A20E-5EB7-4C2D-9ADD-8DB26DBB0FCA}.Release|Any CPU.ActiveCfg = Release|Any CPU
		{1305A20E-5EB7-4C2D-9ADD-8DB26DBB0FCA}.Release|Any CPU.Build.0 = Release|Any CPU
	EndGlobalSection
	GlobalSection(SolutionProperties) = preSolution
		HideSolutionNode = FALSE
	EndGlobalSection
	GlobalSection(ExtensibilityGlobals) = postSolution
		SolutionGuid = {2AB0127C-5474-43D2-BB53-901A0C8AFA9A}
	EndGlobalSection
EndGlobal
